
Microsoft Visual Studio Solution File, Format Version 12.00
# Visual Studio 15
VisualStudioVersion = 15.0.28307.329
MinimumVisualStudioVersion = 10.0.40219.1
Project("{FAE04EC0-301F-11D3-BF4B-00C04F79EFBC}") = "ContainerNinject", "ContainerNinject\ContainerNinject.csproj", "{BBAE3394-A342-4CC3-8F05-227A1F7ACF7A}"
EndProject
Project("{FAE04EC0-301F-11D3-BF4B-00C04F79EFBC}") = "ContainerAutofac", "ContainerAutofac\ContainerAutofac.csproj", "{F2215E24-E2FB-4FC9-AC3F-5EC922986789}"
EndProject
Project("{FAE04EC0-301F-11D3-BF4B-00C04F79EFBC}") = "CoreSimple", "CoreSimple\CoreSimple.csproj", "{00B79404-5091-4A96-BAF7-E3AA1618CCA2}"
EndProject
Global
	GlobalSection(SolutionConfigurationPlatforms) = preSolution
		Debug|Any CPU = Debug|Any CPU
		Release|Any CPU = Release|Any CPU
	EndGlobalSection
	GlobalSection(ProjectConfigurationPlatforms) = postSolution
		{BBAE3394-A342-4CC3-8F05-227A1F7ACF7A}.Debug|Any CPU.ActiveCfg = Debug|Any CPU
		{BBAE3394-A342-4CC3-8F05-227A1F7ACF7A}.Debug|Any CPU.Build.0 = Debug|Any CPU
		{BBAE3394-A342-4CC3-8F05-227A1F7ACF7A}.Release|Any CPU.ActiveCfg = Release|Any CPU
		{BBAE3394-A342-4CC3-8F05-227A1F7ACF7A}.Release|Any CPU.Build.0 = Release|Any CPU
		{F2215E24-E2FB-4FC9-AC3F-5EC922986789}.Debug|Any CPU.ActiveCfg = Debug|Any CPU
		{F2215E24-E2FB-4FC9-AC3F-5EC922986789}.Debug|Any CPU.Build.0 = Debug|Any CPU
		{F2215E24-E2FB-4FC9-AC3F-5EC922986789}.Release|Any CPU.ActiveCfg = Release|Any CPU
		{F2215E24-E2FB-4FC9-AC3F-5EC922986789}.Release|Any CPU.Build.0 = Release|Any CPU
		{00B79404-5091-4A96-BAF7-E3AA1618CCA2}.Debug|Any CPU.ActiveCfg = Debug|Any CPU
		{00B79404-5091-4A96-BAF7-E3AA1618CCA2}.Debug|Any CPU.Build.0 = Debug|Any CPU
		{00B79404-5091-4A96-BAF7-E3AA1618CCA2}.Release|Any CPU.ActiveCfg = Release|Any CPU
		{00B79404-5091-4A96-BAF7-E3AA1618CCA2}.Release|Any CPU.Build.0 = Release|Any CPU
	EndGlobalSection
	GlobalSection(SolutionProperties) = preSolution
		HideSolutionNode = FALSE
	EndGlobalSection
	GlobalSection(ExtensibilityGlobals) = postSolution
		SolutionGuid = {46C9F4F9-5B7D-4D30-848C-CBC5BA50C528}
	EndGlobalSection
EndGlobal
